# This file is autogenerated, do not edit; changes may be undone by the next 'dep ensure'.


[[projects]]
  digest = "1:85cb072ebff8544cf265bd8f0c65dd91994112e6e667afd38e687825ffba980c"
  name = "github.com/go-playground/ansi"
  packages = ["."]
  pruneopts = "UT"
  revision = "777788a9be1a7296979a999c86b251fc777077a9"
  version = "v2.1.0"

[[projects]]
  branch = "master"
  digest = "1:5137ddf8bd8e7b6ec6a059087443b16ddba51cebd934f38517100312bf7dfe80"
  name = "github.com/go-playground/errors"
  packages = ["."]
  pruneopts = "UT"
  revision = "9aa88f624b398d37201c30583065aee54071bc0c"

[[projects]]
  branch = "master"
  digest = "1:1dea9e3759b65b05ad1dd0ff49cb706d700a6ae55694dfcca3f041b2ebce2aa3"
  name = "github.com/go-playground/log"
  packages = [
    ".",
    "handlers/console",
  ]
  pruneopts = "UT"
  revision = "736ecb55f80c7121af3754a7ea62e96733451fe1"

[[projects]]
  branch = "master"
  digest = "1:870d441fe217b8e689d7949fef6e43efbc787e50f200cb1e70dbca9204a1d6be"
  name = "github.com/inconshreveable/mousetrap"
  packages = ["."]
  pruneopts = "UT"
  revision = "76626ae9c91c4f2a10f34cad8ce83ea42c93bb75"

[[projects]]
  branch = "master"
  digest = "1:efc0b1c2f3bff9854d96b12af5eb5fe35c97fa2e79c8efe091a8e38fd521bf23"
  name = "github.com/spf13/cobra"
  packages = ["."]
  pruneopts = "UT"
  revision = "7547e83b2d85fd1893c7d76916f67689d761fecb"

[[projects]]
  branch = "master"
  digest = "1:0720090e4ff7cc4b8e359f8a82bc72130d60b49c3b7115d2b107ec64ec1c2f4a"
  name = "github.com/spf13/pflag"
  packages = ["."]
  pruneopts = "UT"
  revision = "24fa6976df40757dce6aea913e7b81ade90530e1"

[solve-meta]
  analyzer-name = "dep"
  analyzer-version = 1
  input-imports = [
    "github.com/go-playground/log",
    "github.com/go-playground/log/handlers/console",
    "github.com/spf13/cobra",
  ]
  solver-name = "gps-cdcl"
  solver-version = 1
